
Microsoft Visual Studio Solution File, Format Version 12.00
# Visual Studio Version 16
VisualStudioVersion = 16.0.31613.86
MinimumVisualStudioVersion = 10.0.40219.1
Project("{FAE04EC0-301F-11D3-BF4B-00C04F79EFBC}") = "ConsoleUI", "ConsoleUI\ConsoleUI.csproj", "{A1C23F76-8E30-4E3D-8E40-C522A15BC5BF}"
EndProject
Project("{FAE04EC0-301F-11D3-BF4B-00C04F79EFBC}") = "Engine", "Engine\Engine.csproj", "{5ABEF58E-1B0E-4C5F-B8C4-14F163FB7923}"
EndProject
Global
	GlobalSection(SolutionConfigurationPlatforms) = preSolution
		Debug|Any CPU = Debug|Any CPU
		Release|Any CPU = Release|Any CPU
	EndGlobalSection
	GlobalSection(ProjectConfigurationPlatforms) = postSolution
		{A1C23F76-8E30-4E3D-8E40-C522A15BC5BF}.Debug|Any CPU.ActiveCfg = Debug|Any CPU
		{A1C23F76-8E30-4E3D-8E40-C522A15BC5BF}.Debug|Any CPU.Build.0 = Debug|Any CPU
		{A1C23F76-8E30-4E3D-8E40-C522A15BC5BF}.Release|Any CPU.ActiveCfg = Release|Any CPU
		{A1C23F76-8E30-4E3D-8E40-C522A15BC5BF}.Release|Any CPU.Build.0 = Release|Any CPU
		{5ABEF58E-1B0E-4C5F-B8C4-14F163FB7923}.Debug|Any CPU.ActiveCfg = Debug|Any CPU
		{5ABEF58E-1B0E-4C5F-B8C4-14F163FB7923}.Debug|Any CPU.Build.0 = Debug|Any CPU
		{5ABEF58E-1B0E-4C5F-B8C4-14F163FB7923}.Release|Any CPU.ActiveCfg = Release|Any CPU
		{5ABEF58E-1B0E-4C5F-B8C4-14F163FB7923}.Release|Any CPU.Build.0 = Release|Any CPU
	EndGlobalSection
	GlobalSection(SolutionProperties) = preSolution
		HideSolutionNode = FALSE
	EndGlobalSection
	GlobalSection(ExtensibilityGlobals) = postSolution
		SolutionGuid = {174AD860-958A-47B4-BF4B-A69B7ADD2979}
	EndGlobalSection
EndGlobal
